
Microsoft Visual Studio Solution File, Format Version 12.00
# Visual Studio Version 17
VisualStudioVersion = 17.0.31903.59
MinimumVisualStudioVersion = 10.0.40219.1
Project("{9A19103F-16F7-4668-BE54-9A1E7A4F7556}") = "Shop4Devs.Application", "Shop4Devs.Application\Shop4Devs.Application.csproj", "{7A24AAF1-BA52-45C4-9D08-70938E37ABEA}"
EndProject
Project("{9A19103F-16F7-4668-BE54-9A1E7A4F7556}") = "Shop4Devs.Domain", "Shop4Devs.Domain\Shop4Devs.Domain.csproj", "{2F6DA71A-2749-463F-BDB6-E64E511402D0}"
EndProject
Project("{9A19103F-16F7-4668-BE54-9A1E7A4F7556}") = "Shop4Devs.WebAPI", "Shop4Devs.WebAPI\Shop4Devs.WebAPI.csproj", "{5B601F7E-52B9-43FC-A8BE-0D65934967BD}"
EndProject
Project("{9A19103F-16F7-4668-BE54-9A1E7A4F7556}") = "Shop4Devs.IoC", "Shop4Devs.IoC\Shop4Devs.IoC.csproj", "{77CD133F-9D14-432C-8C12-B0B385167DC5}"
EndProject
Project("{9A19103F-16F7-4668-BE54-9A1E7A4F7556}") = "Shop4Devs.Infrastructure", "Shop4Devs.Infrastructure\Shop4Devs.Infrastructure.csproj", "{67B5CF89-5236-41D5-9C32-61EC8F6AA145}"
EndProject
Project("{9A19103F-16F7-4668-BE54-9A1E7A4F7556}") = "Shop4Devs.Tests", "Shop4Devs.Tests\Shop4Devs.Tests.csproj", "{25C86995-1D7C-4056-BDCA-328EBAE9B6D0}"
EndProject
Global
	GlobalSection(SolutionConfigurationPlatforms) = preSolution
		Debug|Any CPU = Debug|Any CPU
		Release|Any CPU = Release|Any CPU
	EndGlobalSection
	GlobalSection(ProjectConfigurationPlatforms) = postSolution
		{7A24AAF1-BA52-45C4-9D08-70938E37ABEA}.Debug|Any CPU.ActiveCfg = Debug|Any CPU
		{7A24AAF1-BA52-45C4-9D08-70938E37ABEA}.Debug|Any CPU.Build.0 = Debug|Any CPU
		{7A24AAF1-BA52-45C4-9D08-70938E37ABEA}.Release|Any CPU.ActiveCfg = Release|Any CPU
		{7A24AAF1-BA52-45C4-9D08-70938E37ABEA}.Release|Any CPU.Build.0 = Release|Any CPU
		{2F6DA71A-2749-463F-BDB6-E64E511402D0}.Debug|Any CPU.ActiveCfg = Debug|Any CPU
		{2F6DA71A-2749-463F-BDB6-E64E511402D0}.Debug|Any CPU.Build.0 = Debug|Any CPU
		{2F6DA71A-2749-463F-BDB6-E64E511402D0}.Release|Any CPU.ActiveCfg = Release|Any CPU
		{2F6DA71A-2749-463F-BDB6-E64E511402D0}.Release|Any CPU.Build.0 = Release|Any CPU
		{5B601F7E-52B9-43FC-A8BE-0D65934967BD}.Debug|Any CPU.ActiveCfg = Debug|Any CPU
		{5B601F7E-52B9-43FC-A8BE-0D65934967BD}.Debug|Any CPU.Build.0 = Debug|Any CPU
		{5B601F7E-52B9-43FC-A8BE-0D65934967BD}.Release|Any CPU.ActiveCfg = Release|Any CPU
		{5B601F7E-52B9-43FC-A8BE-0D65934967BD}.Release|Any CPU.Build.0 = Release|Any CPU
		{77CD133F-9D14-432C-8C12-B0B385167DC5}.Debug|Any CPU.ActiveCfg = Debug|Any CPU
		{77CD133F-9D14-432C-8C12-B0B385167DC5}.Debug|Any CPU.Build.0 = Debug|Any CPU
		{77CD133F-9D14-432C-8C12-B0B385167DC5}.Release|Any CPU.ActiveCfg = Release|Any CPU
		{77CD133F-9D14-432C-8C12-B0B385167DC5}.Release|Any CPU.Build.0 = Release|Any CPU
		{67B5CF89-5236-41D5-9C32-61EC8F6AA145}.Debug|Any CPU.ActiveCfg = Debug|Any CPU
		{67B5CF89-5236-41D5-9C32-61EC8F6AA145}.Debug|Any CPU.Build.0 = Debug|Any CPU
		{67B5CF89-5236-41D5-9C32-61EC8F6AA145}.Release|Any CPU.ActiveCfg = Release|Any CPU
		{67B5CF89-5236-41D5-9C32-61EC8F6AA145}.Release|Any CPU.Build.0 = Release|Any CPU
		{25C86995-1D7C-4056-BDCA-328EBAE9B6D0}.Debug|Any CPU.ActiveCfg = Debug|Any CPU
		{25C86995-1D7C-4056-BDCA-328EBAE9B6D0}.Debug|Any CPU.Build.0 = Debug|Any CPU
		{25C86995-1D7C-4056-BDCA-328EBAE9B6D0}.Release|Any CPU.ActiveCfg = Release|Any CPU
		{25C86995-1D7C-4056-BDCA-328EBAE9B6D0}.Release|Any CPU.Build.0 = Release|Any CPU
	EndGlobalSection
	GlobalSection(SolutionProperties) = preSolution
		HideSolutionNode = FALSE
	EndGlobalSection
	GlobalSection(ExtensibilityGlobals) = postSolution
		SolutionGuid = {B5FF13FD-A322-4210-8D1D-54E0E36F9D3B}
	EndGlobalSection
EndGlobal
